
Microsoft Visual Studio Solution File, Format Version 12.00
# Visual Studio 15
VisualStudioVersion = 15.0.28307.645
MinimumVisualStudioVersion = 10.0.40219.1
Project("{FAE04EC0-301F-11D3-BF4B-00C04F79EFBC}") = "MVCAdress", "MVCAdress\MVCAdress.csproj", "{34AADE8A-0930-46FE-9C6C-B3255654F519}"
EndProject
Project("{FAE04EC0-301F-11D3-BF4B-00C04F79EFBC}") = "apiaddressbook", "apiaddressbook\apiaddressbook.csproj", "{7DA5AAEC-37B2-475B-B706-BF3CE1658D2F}"
EndProject
Project("{FAE04EC0-301F-11D3-BF4B-00C04F79EFBC}") = "AppAdress.Android", "AppAdress\AppAdress.Android\AppAdress.Android.csproj", "{3F9C8AE0-8047-41A8-940C-6ED0828C160D}"
EndProject
Project("{FAE04EC0-301F-11D3-BF4B-00C04F79EFBC}") = "AppAdress.iOS", "AppAdress\AppAdress.iOS\AppAdress.iOS.csproj", "{C26198F5-AF2C-4B87-98F6-BBEA0E736CC9}"
EndProject
Project("{9A19103F-16F7-4668-BE54-9A1E7A4F7556}") = "AppAdress", "AppAdress\AppAdress\AppAdress.csproj", "{2F85CBF2-92E0-4428-9F52-C40255667E20}"
EndProject
Project("{FAE04EC0-301F-11D3-BF4B-00C04F79EFBC}") = "apiAddressSecurity", "apiAddressSecurity\apiAddressSecurity.csproj", "{62C26636-AAAB-4C64-937C-A5D175587182}"
EndProject
Global
	GlobalSection(SolutionConfigurationPlatforms) = preSolution
		Ad-Hoc|Any CPU = Ad-Hoc|Any CPU
		Ad-Hoc|iPhone = Ad-Hoc|iPhone
		Ad-Hoc|iPhoneSimulator = Ad-Hoc|iPhoneSimulator
		AppStore|Any CPU = AppStore|Any CPU
		AppStore|iPhone = AppStore|iPhone
		AppStore|iPhoneSimulator = AppStore|iPhoneSimulator
		Debug|Any CPU = Debug|Any CPU
		Debug|iPhone = Debug|iPhone
		Debug|iPhoneSimulator = Debug|iPhoneSimulator
		Release|Any CPU = Release|Any CPU
		Release|iPhone = Release|iPhone
		Release|iPhoneSimulator = Release|iPhoneSimulator
	EndGlobalSection
	GlobalSection(ProjectConfigurationPlatforms) = postSolution
		{34AADE8A-0930-46FE-9C6C-B3255654F519}.Ad-Hoc|Any CPU.ActiveCfg = Release|Any CPU
		{34AADE8A-0930-46FE-9C6C-B3255654F519}.Ad-Hoc|Any CPU.Build.0 = Release|Any CPU
		{34AADE8A-0930-46FE-9C6C-B3255654F519}.Ad-Hoc|iPhone.ActiveCfg = Release|Any CPU
		{34AADE8A-0930-46FE-9C6C-B3255654F519}.Ad-Hoc|iPhone.Build.0 = Release|Any CPU
		{34AADE8A-0930-46FE-9C6C-B3255654F519}.Ad-Hoc|iPhoneSimulator.ActiveCfg = Release|Any CPU
		{34AADE8A-0930-46FE-9C6C-B3255654F519}.Ad-Hoc|iPhoneSimulator.Build.0 = Release|Any CPU
		{34AADE8A-0930-46FE-9C6C-B3255654F519}.AppStore|Any CPU.ActiveCfg = Release|Any CPU
		{34AADE8A-0930-46FE-9C6C-B3255654F519}.AppStore|Any CPU.Build.0 = Release|Any CPU
		{34AADE8A-0930-46FE-9C6C-B3255654F519}.AppStore|iPhone.ActiveCfg = Release|Any CPU
		{34AADE8A-0930-46FE-9C6C-B3255654F519}.AppStore|iPhone.Build.0 = Release|Any CPU
		{34AADE8A-0930-46FE-9C6C-B3255654F519}.AppStore|iPhoneSimulator.ActiveCfg = Release|Any CPU
		{34AADE8A-0930-46FE-9C6C-B3255654F519}.AppStore|iPhoneSimulator.Build.0 = Release|Any CPU
		{34AADE8A-0930-46FE-9C6C-B3255654F519}.Debug|Any CPU.ActiveCfg = Debug|Any CPU
		{34AADE8A-0930-46FE-9C6C-B3255654F519}.Debug|Any CPU.Build.0 = Debug|Any CPU
		{34AADE8A-0930-46FE-9C6C-B3255654F519}.Debug|iPhone.ActiveCfg = Debug|Any CPU
		{34AADE8A-0930-46FE-9C6C-B3255654F519}.Debug|iPhone.Build.0 = Debug|Any CPU
		{34AADE8A-0930-46FE-9C6C-B3255654F519}.Debug|iPhoneSimulator.ActiveCfg = Debug|Any CPU
		{34AADE8A-0930-46FE-9C6C-B3255654F519}.Debug|iPhoneSimulator.Build.0 = Debug|Any CPU
		{34AADE8A-0930-46FE-9C6C-B3255654F519}.Release|Any CPU.ActiveCfg = Release|Any CPU
		{34AADE8A-0930-46FE-9C6C-B3255654F519}.Release|Any CPU.Build.0 = Release|Any CPU
		{34AADE8A-0930-46FE-9C6C-B3255654F519}.Release|iPhone.ActiveCfg = Release|Any CPU
		{34AADE8A-0930-46FE-9C6C-B3255654F519}.Release|iPhone.Build.0 = Release|Any CPU
		{34AADE8A-0930-46FE-9C6C-B3255654F519}.Release|iPhoneSimulator.ActiveCfg = Release|Any CPU
		{34AADE8A-0930-46FE-9C6C-B3255654F519}.Release|iPhoneSimulator.Build.0 = Release|Any CPU
		{7DA5AAEC-37B2-475B-B706-BF3CE1658D2F}.Ad-Hoc|Any CPU.ActiveCfg = Release|Any CPU
		{7DA5AAEC-37B2-475B-B706-BF3CE1658D2F}.Ad-Hoc|Any CPU.Build.0 = Release|Any CPU
		{7DA5AAEC-37B2-475B-B706-BF3CE1658D2F}.Ad-Hoc|iPhone.ActiveCfg = Release|Any CPU
		{7DA5AAEC-37B2-475B-B706-BF3CE1658D2F}.Ad-Hoc|iPhone.Build.0 = Release|Any CPU
		{7DA5AAEC-37B2-475B-B706-BF3CE1658D2F}.Ad-Hoc|iPhoneSimulator.ActiveCfg = Release|Any CPU
		{7DA5AAEC-37B2-475B-B706-BF3CE1658D2F}.Ad-Hoc|iPhoneSimulator.Build.0 = Release|Any CPU
		{7DA5AAEC-37B2-475B-B706-BF3CE1658D2F}.AppStore|Any CPU.ActiveCfg = Release|Any CPU
		{7DA5AAEC-37B2-475B-B706-BF3CE1658D2F}.AppStore|Any CPU.Build.0 = Release|Any CPU
		{7DA5AAEC-37B2-475B-B706-BF3CE1658D2F}.AppStore|iPhone.ActiveCfg = Release|Any CPU
		{7DA5AAEC-37B2-475B-B706-BF3CE1658D2F}.AppStore|iPhone.Build.0 = Release|Any CPU
		{7DA5AAEC-37B2-475B-B706-BF3CE1658D2F}.AppStore|iPhoneSimulator.ActiveCfg = Release|Any CPU
		{7DA5AAEC-37B2-475B-B706-BF3CE1658D2F}.AppStore|iPhoneSimulator.Build.0 = Release|Any CPU
		{7DA5AAEC-37B2-475B-B706-BF3CE1658D2F}.Debug|Any CPU.ActiveCfg = Debug|Any CPU
		{7DA5AAEC-37B2-475B-B706-BF3CE1658D2F}.Debug|Any CPU.Build.0 = Debug|Any CPU
		{7DA5AAEC-37B2-475B-B706-BF3CE1658D2F}.Debug|iPhone.ActiveCfg = Debug|Any CPU
		{7DA5AAEC-37B2-475B-B706-BF3CE1658D2F}.Debug|iPhone.Build.0 = Debug|Any CPU
		{7DA5AAEC-37B2-475B-B706-BF3CE1658D2F}.Debug|iPhoneSimulator.ActiveCfg = Debug|Any CPU
		{7DA5AAEC-37B2-475B-B706-BF3CE1658D2F}.Debug|iPhoneSimulator.Build.0 = Debug|Any CPU
		{7DA5AAEC-37B2-475B-B706-BF3CE1658D2F}.Release|Any CPU.ActiveCfg = Release|Any CPU
		{7DA5AAEC-37B2-475B-B706-BF3CE1658D2F}.Release|Any CPU.Build.0 = Release|Any CPU
		{7DA5AAEC-37B2-475B-B706-BF3CE1658D2F}.Release|iPhone.ActiveCfg = Release|Any CPU
		{7DA5AAEC-37B2-475B-B706-BF3CE1658D2F}.Release|iPhone.Build.0 = Release|Any CPU
		{7DA5AAEC-37B2-475B-B706-BF3CE1658D2F}.Release|iPhoneSimulator.ActiveCfg = Release|Any CPU
		{7DA5AAEC-37B2-475B-B706-BF3CE1658D2F}.Release|iPhoneSimulator.Build.0 = Release|Any CPU
		{3F9C8AE0-8047-41A8-940C-6ED0828C160D}.Ad-Hoc|Any CPU.ActiveCfg = Release|Any CPU
		{3F9C8AE0-8047-41A8-940C-6ED0828C160D}.Ad-Hoc|Any CPU.Build.0 = Release|Any CPU
		{3F9C8AE0-8047-41A8-940C-6ED0828C160D}.Ad-Hoc|Any CPU.Deploy.0 = Release|Any CPU
		{3F9C8AE0-8047-41A8-940C-6ED0828C160D}.Ad-Hoc|iPhone.ActiveCfg = Release|Any CPU
		{3F9C8AE0-8047-41A8-940C-6ED0828C160D}.Ad-Hoc|iPhone.Build.0 = Release|Any CPU
		{3F9C8AE0-8047-41A8-940C-6ED0828C160D}.Ad-Hoc|iPhone.Deploy.0 = Release|Any CPU
		{3F9C8AE0-8047-41A8-940C-6ED0828C160D}.Ad-Hoc|iPhoneSimulator.ActiveCfg = Release|Any CPU
		{3F9C8AE0-8047-41A8-940C-6ED0828C160D}.Ad-Hoc|iPhoneSimulator.Build.0 = Release|Any CPU
		{3F9C8AE0-8047-41A8-940C-6ED0828C160D}.Ad-Hoc|iPhoneSimulator.Deploy.0 = Release|Any CPU
		{3F9C8AE0-8047-41A8-940C-6ED0828C160D}.AppStore|Any CPU.ActiveCfg = Release|Any CPU
		{3F9C8AE0-8047-41A8-940C-6ED0828C160D}.AppStore|Any CPU.Build.0 = Release|Any CPU
		{3F9C8AE0-8047-41A8-940C-6ED0828C160D}.AppStore|Any CPU.Deploy.0 = Release|Any CPU
		{3F9C8AE0-8047-41A8-940C-6ED0828C160D}.AppStore|iPhone.ActiveCfg = Release|Any CPU
		{3F9C8AE0-8047-41A8-940C-6ED0828C160D}.AppStore|iPhone.Build.0 = Release|Any CPU
		{3F9C8AE0-8047-41A8-940C-6ED0828C160D}.AppStore|iPhone.Deploy.0 = Release|Any CPU
		{3F9C8AE0-8047-41A8-940C-6ED0828C160D}.AppStore|iPhoneSimulator.ActiveCfg = Release|Any CPU
		{3F9C8AE0-8047-41A8-940C-6ED0828C160D}.AppStore|iPhoneSimulator.Build.0 = Release|Any CPU
		{3F9C8AE0-8047-41A8-940C-6ED0828C160D}.AppStore|iPhoneSimulator.Deploy.0 = Release|Any CPU
		{3F9C8AE0-8047-41A8-940C-6ED0828C160D}.Debug|Any CPU.ActiveCfg = Debug|Any CPU
		{3F9C8AE0-8047-41A8-940C-6ED0828C160D}.Debug|Any CPU.Build.0 = Debug|Any CPU
		{3F9C8AE0-8047-41A8-940C-6ED0828C160D}.Debug|Any CPU.Deploy.0 = Debug|Any CPU
		{3F9C8AE0-8047-41A8-940C-6ED0828C160D}.Debug|iPhone.ActiveCfg = Debug|Any CPU
		{3F9C8AE0-8047-41A8-940C-6ED0828C160D}.Debug|iPhone.Build.0 = Debug|Any CPU
		{3F9C8AE0-8047-41A8-940C-6ED0828C160D}.Debug|iPhone.Deploy.0 = Debug|Any CPU
		{3F9C8AE0-8047-41A8-940C-6ED0828C160D}.Debug|iPhoneSimulator.ActiveCfg = Debug|Any CPU
		{3F9C8AE0-8047-41A8-940C-6ED0828C160D}.Debug|iPhoneSimulator.Build.0 = Debug|Any CPU
		{3F9C8AE0-8047-41A8-940C-6ED0828C160D}.Debug|iPhoneSimulator.Deploy.0 = Debug|Any CPU
		{3F9C8AE0-8047-41A8-940C-6ED0828C160D}.Release|Any CPU.ActiveCfg = Release|Any CPU
		{3F9C8AE0-8047-41A8-940C-6ED0828C160D}.Release|Any CPU.Build.0 = Release|Any CPU
		{3F9C8AE0-8047-41A8-940C-6ED0828C160D}.Release|Any CPU.Deploy.0 = Release|Any CPU
		{3F9C8AE0-8047-41A8-940C-6ED0828C160D}.Release|iPhone.ActiveCfg = Release|Any CPU
		{3F9C8AE0-8047-41A8-940C-6ED0828C160D}.Release|iPhone.Build.0 = Release|Any CPU
		{3F9C8AE0-8047-41A8-940C-6ED0828C160D}.Release|iPhone.Deploy.0 = Release|Any CPU
		{3F9C8AE0-8047-41A8-940C-6ED0828C160D}.Release|iPhoneSimulator.ActiveCfg = Release|Any CPU
		{3F9C8AE0-8047-41A8-940C-6ED0828C160D}.Release|iPhoneSimulator.Build.0 = Release|Any CPU
		{3F9C8AE0-8047-41A8-940C-6ED0828C160D}.Release|iPhoneSimulator.Deploy.0 = Release|Any CPU
		{C26198F5-AF2C-4B87-98F6-BBEA0E736CC9}.Ad-Hoc|Any CPU.ActiveCfg = Ad-Hoc|iPhone
		{C26198F5-AF2C-4B87-98F6-BBEA0E736CC9}.Ad-Hoc|iPhone.ActiveCfg = Ad-Hoc|iPhone
		{C26198F5-AF2C-4B87-98F6-BBEA0E736CC9}.Ad-Hoc|iPhone.Build.0 = Ad-Hoc|iPhone
		{C26198F5-AF2C-4B87-98F6-BBEA0E736CC9}.Ad-Hoc|iPhoneSimulator.ActiveCfg = Ad-Hoc|iPhoneSimulator
		{C26198F5-AF2C-4B87-98F6-BBEA0E736CC9}.Ad-Hoc|iPhoneSimulator.Build.0 = Ad-Hoc|iPhoneSimulator
		{C26198F5-AF2C-4B87-98F6-BBEA0E736CC9}.AppStore|Any CPU.ActiveCfg = AppStore|iPhone
		{C26198F5-AF2C-4B87-98F6-BBEA0E736CC9}.AppStore|iPhone.ActiveCfg = AppStore|iPhone
		{C26198F5-AF2C-4B87-98F6-BBEA0E736CC9}.AppStore|iPhone.Build.0 = AppStore|iPhone
		{C26198F5-AF2C-4B87-98F6-BBEA0E736CC9}.AppStore|iPhoneSimulator.ActiveCfg = AppStore|iPhoneSimulator
		{C26198F5-AF2C-4B87-98F6-BBEA0E736CC9}.AppStore|iPhoneSimulator.Build.0 = AppStore|iPhoneSimulator
		{C26198F5-AF2C-4B87-98F6-BBEA0E736CC9}.Debug|Any CPU.ActiveCfg = Debug|iPhone
		{C26198F5-AF2C-4B87-98F6-BBEA0E736CC9}.Debug|iPhone.ActiveCfg = Debug|iPhone
		{C26198F5-AF2C-4B87-98F6-BBEA0E736CC9}.Debug|iPhone.Build.0 = Debug|iPhone
		{C26198F5-AF2C-4B87-98F6-BBEA0E736CC9}.Debug|iPhoneSimulator.ActiveCfg = Debug|iPhoneSimulator
		{C26198F5-AF2C-4B87-98F6-BBEA0E736CC9}.Debug|iPhoneSimulator.Build.0 = Debug|iPhoneSimulator
		{C26198F5-AF2C-4B87-98F6-BBEA0E736CC9}.Release|Any CPU.ActiveCfg = Release|iPhone
		{C26198F5-AF2C-4B87-98F6-BBEA0E736CC9}.Release|iPhone.ActiveCfg = Release|iPhone
		{C26198F5-AF2C-4B87-98F6-BBEA0E736CC9}.Release|iPhone.Build.0 = Release|iPhone
		{C26198F5-AF2C-4B87-98F6-BBEA0E736CC9}.Release|iPhoneSimulator.ActiveCfg = Release|iPhoneSimulator
		{C26198F5-AF2C-4B87-98F6-BBEA0E736CC9}.Release|iPhoneSimulator.Build.0 = Release|iPhoneSimulator
		{2F85CBF2-92E0-4428-9F52-C40255667E20}.Ad-Hoc|Any CPU.ActiveCfg = Debug|Any CPU
		{2F85CBF2-92E0-4428-9F52-C40255667E20}.Ad-Hoc|Any CPU.Build.0 = Debug|Any CPU
		{2F85CBF2-92E0-4428-9F52-C40255667E20}.Ad-Hoc|iPhone.ActiveCfg = Debug|Any CPU
		{2F85CBF2-92E0-4428-9F52-C40255667E20}.Ad-Hoc|iPhone.Build.0 = Debug|Any CPU
		{2F85CBF2-92E0-4428-9F52-C40255667E20}.Ad-Hoc|iPhoneSimulator.ActiveCfg = Debug|Any CPU
		{2F85CBF2-92E0-4428-9F52-C40255667E20}.Ad-Hoc|iPhoneSimulator.Build.0 = Debug|Any CPU
		{2F85CBF2-92E0-4428-9F52-C40255667E20}.AppStore|Any CPU.ActiveCfg = Debug|Any CPU
		{2F85CBF2-92E0-4428-9F52-C40255667E20}.AppStore|Any CPU.Build.0 = Debug|Any CPU
		{2F85CBF2-92E0-4428-9F52-C40255667E20}.AppStore|iPhone.ActiveCfg = Debug|Any CPU
		{2F85CBF2-92E0-4428-9F52-C40255667E20}.AppStore|iPhone.Build.0 = Debug|Any CPU
		{2F85CBF2-92E0-4428-9F52-C40255667E20}.AppStore|iPhoneSimulator.ActiveCfg = Debug|Any CPU
		{2F85CBF2-92E0-4428-9F52-C40255667E20}.AppStore|iPhoneSimulator.Build.0 = Debug|Any CPU
		{2F85CBF2-92E0-4428-9F52-C40255667E20}.Debug|Any CPU.ActiveCfg = Debug|Any CPU
		{2F85CBF2-92E0-4428-9F52-C40255667E20}.Debug|Any CPU.Build.0 = Debug|Any CPU
		{2F85CBF2-92E0-4428-9F52-C40255667E20}.Debug|iPhone.ActiveCfg = Debug|Any CPU
		{2F85CBF2-92E0-4428-9F52-C40255667E20}.Debug|iPhone.Build.0 = Debug|Any CPU
		{2F85CBF2-92E0-4428-9F52-C40255667E20}.Debug|iPhoneSimulator.ActiveCfg = Debug|Any CPU
		{2F85CBF2-92E0-4428-9F52-C40255667E20}.Debug|iPhoneSimulator.Build.0 = Debug|Any CPU
		{2F85CBF2-92E0-4428-9F52-C40255667E20}.Release|Any CPU.ActiveCfg = Release|Any CPU
		{2F85CBF2-92E0-4428-9F52-C40255667E20}.Release|Any CPU.Build.0 = Release|Any CPU
		{2F85CBF2-92E0-4428-9F52-C40255667E20}.Release|iPhone.ActiveCfg = Release|Any CPU
		{2F85CBF2-92E0-4428-9F52-C40255667E20}.Release|iPhone.Build.0 = Release|Any CPU
		{2F85CBF2-92E0-4428-9F52-C40255667E20}.Release|iPhoneSimulator.ActiveCfg = Release|Any CPU
		{2F85CBF2-92E0-4428-9F52-C40255667E20}.Release|iPhoneSimulator.Build.0 = Release|Any CPU
		{62C26636-AAAB-4C64-937C-A5D175587182}.Ad-Hoc|Any CPU.ActiveCfg = Release|Any CPU
		{62C26636-AAAB-4C64-937C-A5D175587182}.Ad-Hoc|Any CPU.Build.0 = Release|Any CPU
		{62C26636-AAAB-4C64-937C-A5D175587182}.Ad-Hoc|iPhone.ActiveCfg = Release|Any CPU
		{62C26636-AAAB-4C64-937C-A5D175587182}.Ad-Hoc|iPhone.Build.0 = Release|Any CPU
		{62C26636-AAAB-4C64-937C-A5D175587182}.Ad-Hoc|iPhoneSimulator.ActiveCfg = Release|Any CPU
		{62C26636-AAAB-4C64-937C-A5D175587182}.Ad-Hoc|iPhoneSimulator.Build.0 = Release|Any CPU
		{62C26636-AAAB-4C64-937C-A5D175587182}.AppStore|Any CPU.ActiveCfg = Release|Any CPU
		{62C26636-AAAB-4C64-937C-A5D175587182}.AppStore|Any CPU.Build.0 = Release|Any CPU
		{62C26636-AAAB-4C64-937C-A5D175587182}.AppStore|iPhone.ActiveCfg = Release|Any CPU
		{62C26636-AAAB-4C64-937C-A5D175587182}.AppStore|iPhone.Build.0 = Release|Any CPU
		{62C26636-AAAB-4C64-937C-A5D175587182}.AppStore|iPhoneSimulator.ActiveCfg = Release|Any CPU
		{62C26636-AAAB-4C64-937C-A5D175587182}.AppStore|iPhoneSimulator.Build.0 = Release|Any CPU
		{62C26636-AAAB-4C64-937C-A5D175587182}.Debug|Any CPU.ActiveCfg = Debug|Any CPU
		{62C26636-AAAB-4C64-937C-A5D175587182}.Debug|Any CPU.Build.0 = Debug|Any CPU
		{62C26636-AAAB-4C64-937C-A5D175587182}.Debug|iPhone.ActiveCfg = Debug|Any CPU
		{62C26636-AAAB-4C64-937C-A5D175587182}.Debug|iPhone.Build.0 = Debug|Any CPU
		{62C26636-AAAB-4C64-937C-A5D175587182}.Debug|iPhoneSimulator.ActiveCfg = Debug|Any CPU
		{62C26636-AAAB-4C64-937C-A5D175587182}.Debug|iPhoneSimulator.Build.0 = Debug|Any CPU
		{62C26636-AAAB-4C64-937C-A5D175587182}.Release|Any CPU.ActiveCfg = Release|Any CPU
		{62C26636-AAAB-4C64-937C-A5D175587182}.Release|Any CPU.Build.0 = Release|Any CPU
		{62C26636-AAAB-4C64-937C-A5D175587182}.Release|iPhone.ActiveCfg = Release|Any CPU
		{62C26636-AAAB-4C64-937C-A5D175587182}.Release|iPhone.Build.0 = Release|Any CPU
		{62C26636-AAAB-4C64-937C-A5D175587182}.Release|iPhoneSimulator.ActiveCfg = Release|Any CPU
		{62C26636-AAAB-4C64-937C-A5D175587182}.Release|iPhoneSimulator.Build.0 = Release|Any CPU
	EndGlobalSection
	GlobalSection(SolutionProperties) = preSolution
		HideSolutionNode = FALSE
	EndGlobalSection
	GlobalSection(ExtensibilityGlobals) = postSolution
		SolutionGuid = {3DBABCDA-3645-4267-ADC6-055B7E7AA461}
	EndGlobalSection
EndGlobal
